
Microsoft Visual Studio Solution File, Format Version 12.00
# Visual Studio 15
VisualStudioVersion = 15.0.26430.6
MinimumVisualStudioVersion = 10.0.40219.1
Project("{FAE04EC0-301F-11D3-BF4B-00C04F79EFBC}") = "Admin", "TestMvc\Admin.csproj", "{B1019271-5E1B-4487-9493-5F0150EC851E}"
EndProject
Project("{FAE04EC0-301F-11D3-BF4B-00C04F79EFBC}") = "BLL", "BLL\BLL.csproj", "{085C21D5-C978-4BAC-B9B9-CA67BAE85AB2}"
EndProject
Project("{FAE04EC0-301F-11D3-BF4B-00C04F79EFBC}") = "IBLL", "IBLL\IBLL.csproj", "{82249BA0-B78B-4ECE-BDA4-493D6A742B38}"
EndProject
Project("{FAE04EC0-301F-11D3-BF4B-00C04F79EFBC}") = "DAL", "DAL\DAL.csproj", "{6A4E4B9C-3006-44A9-858E-C27AB3A102D7}"
EndProject
Project("{FAE04EC0-301F-11D3-BF4B-00C04F79EFBC}") = "IDAL", "IDAL\IDAL.csproj", "{D36A0400-7AD2-45D0-9705-5DF77A6D43A1}"
EndProject
Project("{2150E333-8FDC-42A3-9474-1A3956D46DE8}") = "Base", "Base", "{71916533-CF63-4010-9345-383FD1BFEB62}"
EndProject
Project("{FAE04EC0-301F-11D3-BF4B-00C04F79EFBC}") = "Models", "Models\Models.csproj", "{04F30EAA-ECE1-4290-9F11-771C0AFC114A}"
EndProject
Project("{FAE04EC0-301F-11D3-BF4B-00C04F79EFBC}") = "Common", "Common\Common.csproj", "{4F2F9C9D-1F46-45F3-8AEA-6BB1525DCEC4}"
EndProject
Project("{FAE04EC0-301F-11D3-BF4B-00C04F79EFBC}") = "Core", "Core\Core.csproj", "{5987753B-4D99-417C-8770-FF0842D74F90}"
EndProject
Project("{FAE04EC0-301F-11D3-BF4B-00C04F79EFBC}") = "Locale", "Locale\Locale.csproj", "{5B1B4561-8002-4140-A726-F6A4710AEC87}"
EndProject
Project("{FAE04EC0-301F-11D3-BF4B-00C04F79EFBC}") = "Web", "Web\Web.csproj", "{98DEFDD3-86CF-4219-ABE5-AD0DE57E3A49}"
EndProject
Project("{FAE04EC0-301F-11D3-BF4B-00C04F79EFBC}") = "WebApi", "WebApi\WebApi.csproj", "{1B8EA163-01DE-44C5-A8C6-00083C27DF4C}"
EndProject
Global
	GlobalSection(SolutionConfigurationPlatforms) = preSolution
		Debug|Any CPU = Debug|Any CPU
		Release|Any CPU = Release|Any CPU
	EndGlobalSection
	GlobalSection(ProjectConfigurationPlatforms) = postSolution
		{B1019271-5E1B-4487-9493-5F0150EC851E}.Debug|Any CPU.ActiveCfg = Debug|Any CPU
		{B1019271-5E1B-4487-9493-5F0150EC851E}.Debug|Any CPU.Build.0 = Debug|Any CPU
		{B1019271-5E1B-4487-9493-5F0150EC851E}.Release|Any CPU.ActiveCfg = Release|Any CPU
		{B1019271-5E1B-4487-9493-5F0150EC851E}.Release|Any CPU.Build.0 = Release|Any CPU
		{085C21D5-C978-4BAC-B9B9-CA67BAE85AB2}.Debug|Any CPU.ActiveCfg = Debug|Any CPU
		{085C21D5-C978-4BAC-B9B9-CA67BAE85AB2}.Debug|Any CPU.Build.0 = Debug|Any CPU
		{085C21D5-C978-4BAC-B9B9-CA67BAE85AB2}.Release|Any CPU.ActiveCfg = Release|Any CPU
		{085C21D5-C978-4BAC-B9B9-CA67BAE85AB2}.Release|Any CPU.Build.0 = Release|Any CPU
		{82249BA0-B78B-4ECE-BDA4-493D6A742B38}.Debug|Any CPU.ActiveCfg = Debug|Any CPU
		{82249BA0-B78B-4ECE-BDA4-493D6A742B38}.Debug|Any CPU.Build.0 = Debug|Any CPU
		{82249BA0-B78B-4ECE-BDA4-493D6A742B38}.Release|Any CPU.ActiveCfg = Release|Any CPU
		{82249BA0-B78B-4ECE-BDA4-493D6A742B38}.Release|Any CPU.Build.0 = Release|Any CPU
		{6A4E4B9C-3006-44A9-858E-C27AB3A102D7}.Debug|Any CPU.ActiveCfg = Debug|Any CPU
		{6A4E4B9C-3006-44A9-858E-C27AB3A102D7}.Debug|Any CPU.Build.0 = Debug|Any CPU
		{6A4E4B9C-3006-44A9-858E-C27AB3A102D7}.Release|Any CPU.ActiveCfg = Release|Any CPU
		{6A4E4B9C-3006-44A9-858E-C27AB3A102D7}.Release|Any CPU.Build.0 = Release|Any CPU
		{D36A0400-7AD2-45D0-9705-5DF77A6D43A1}.Debug|Any CPU.ActiveCfg = Debug|Any CPU
		{D36A0400-7AD2-45D0-9705-5DF77A6D43A1}.Debug|Any CPU.Build.0 = Debug|Any CPU
		{D36A0400-7AD2-45D0-9705-5DF77A6D43A1}.Release|Any CPU.ActiveCfg = Release|Any CPU
		{D36A0400-7AD2-45D0-9705-5DF77A6D43A1}.Release|Any CPU.Build.0 = Release|Any CPU
		{04F30EAA-ECE1-4290-9F11-771C0AFC114A}.Debug|Any CPU.ActiveCfg = Debug|Any CPU
		{04F30EAA-ECE1-4290-9F11-771C0AFC114A}.Debug|Any CPU.Build.0 = Debug|Any CPU
		{04F30EAA-ECE1-4290-9F11-771C0AFC114A}.Release|Any CPU.ActiveCfg = Release|Any CPU
		{04F30EAA-ECE1-4290-9F11-771C0AFC114A}.Release|Any CPU.Build.0 = Release|Any CPU
		{4F2F9C9D-1F46-45F3-8AEA-6BB1525DCEC4}.Debug|Any CPU.ActiveCfg = Debug|Any CPU
		{4F2F9C9D-1F46-45F3-8AEA-6BB1525DCEC4}.Debug|Any CPU.Build.0 = Debug|Any CPU
		{4F2F9C9D-1F46-45F3-8AEA-6BB1525DCEC4}.Release|Any CPU.ActiveCfg = Release|Any CPU
		{4F2F9C9D-1F46-45F3-8AEA-6BB1525DCEC4}.Release|Any CPU.Build.0 = Release|Any CPU
		{5987753B-4D99-417C-8770-FF0842D74F90}.Debug|Any CPU.ActiveCfg = Debug|Any CPU
		{5987753B-4D99-417C-8770-FF0842D74F90}.Debug|Any CPU.Build.0 = Debug|Any CPU
		{5987753B-4D99-417C-8770-FF0842D74F90}.Release|Any CPU.ActiveCfg = Release|Any CPU
		{5987753B-4D99-417C-8770-FF0842D74F90}.Release|Any CPU.Build.0 = Release|Any CPU
		{5B1B4561-8002-4140-A726-F6A4710AEC87}.Debug|Any CPU.ActiveCfg = Debug|Any CPU
		{5B1B4561-8002-4140-A726-F6A4710AEC87}.Debug|Any CPU.Build.0 = Debug|Any CPU
		{5B1B4561-8002-4140-A726-F6A4710AEC87}.Release|Any CPU.ActiveCfg = Release|Any CPU
		{5B1B4561-8002-4140-A726-F6A4710AEC87}.Release|Any CPU.Build.0 = Release|Any CPU
		{98DEFDD3-86CF-4219-ABE5-AD0DE57E3A49}.Debug|Any CPU.ActiveCfg = Debug|Any CPU
		{98DEFDD3-86CF-4219-ABE5-AD0DE57E3A49}.Debug|Any CPU.Build.0 = Debug|Any CPU
		{98DEFDD3-86CF-4219-ABE5-AD0DE57E3A49}.Release|Any CPU.ActiveCfg = Release|Any CPU
		{98DEFDD3-86CF-4219-ABE5-AD0DE57E3A49}.Release|Any CPU.Build.0 = Release|Any CPU
		{1B8EA163-01DE-44C5-A8C6-00083C27DF4C}.Debug|Any CPU.ActiveCfg = Debug|Any CPU
		{1B8EA163-01DE-44C5-A8C6-00083C27DF4C}.Debug|Any CPU.Build.0 = Debug|Any CPU
		{1B8EA163-01DE-44C5-A8C6-00083C27DF4C}.Release|Any CPU.ActiveCfg = Release|Any CPU
		{1B8EA163-01DE-44C5-A8C6-00083C27DF4C}.Release|Any CPU.Build.0 = Release|Any CPU
	EndGlobalSection
	GlobalSection(SolutionProperties) = preSolution
		HideSolutionNode = FALSE
	EndGlobalSection
	GlobalSection(NestedProjects) = preSolution
		{085C21D5-C978-4BAC-B9B9-CA67BAE85AB2} = {71916533-CF63-4010-9345-383FD1BFEB62}
		{82249BA0-B78B-4ECE-BDA4-493D6A742B38} = {71916533-CF63-4010-9345-383FD1BFEB62}
		{6A4E4B9C-3006-44A9-858E-C27AB3A102D7} = {71916533-CF63-4010-9345-383FD1BFEB62}
		{D36A0400-7AD2-45D0-9705-5DF77A6D43A1} = {71916533-CF63-4010-9345-383FD1BFEB62}
	EndGlobalSection
EndGlobal
